
Microsoft Visual Studio Solution File, Format Version 12.00
# Visual Studio Version 17
VisualStudioVersion = 17.10.35004.147
MinimumVisualStudioVersion = 10.0.40219.1
Project("{9A19103F-16F7-4668-BE54-9A1E7A4F7556}") = "RequestHandler", "RequestHandler\RequestHandler.csproj", "{82CE88F5-D589-4F69-8A79-DC784A2BFD57}"
EndProject
Project("{FAE04EC0-301F-11D3-BF4B-00C04F79EFBC}") = "RH.Logic", "RH.Logic\RH.Logic.csproj", "{06220B47-EBC0-4CE3-B3D7-B2C8A1FD9C58}"
EndProject
Project("{FAE04EC0-301F-11D3-BF4B-00C04F79EFBC}") = "RH.Persistence", "RH.Persistence\RH.Persistence.csproj", "{84979AA1-64E3-45D7-A906-56AC0B3D61E8}"
EndProject
Project("{FAE04EC0-301F-11D3-BF4B-00C04F79EFBC}") = "RH.Application", "RH.Application\RH.Application.csproj", "{42404A21-A9F2-461F-8AED-57D99DEF74E6}"
EndProject
Global
	GlobalSection(SolutionConfigurationPlatforms) = preSolution
		Debug|Any CPU = Debug|Any CPU
		Release|Any CPU = Release|Any CPU
	EndGlobalSection
	GlobalSection(ProjectConfigurationPlatforms) = postSolution
		{82CE88F5-D589-4F69-8A79-DC784A2BFD57}.Debug|Any CPU.ActiveCfg = Debug|Any CPU
		{82CE88F5-D589-4F69-8A79-DC784A2BFD57}.Debug|Any CPU.Build.0 = Debug|Any CPU
		{82CE88F5-D589-4F69-8A79-DC784A2BFD57}.Release|Any CPU.ActiveCfg = Release|Any CPU
		{82CE88F5-D589-4F69-8A79-DC784A2BFD57}.Release|Any CPU.Build.0 = Release|Any CPU
		{06220B47-EBC0-4CE3-B3D7-B2C8A1FD9C58}.Debug|Any CPU.ActiveCfg = Debug|Any CPU
		{06220B47-EBC0-4CE3-B3D7-B2C8A1FD9C58}.Debug|Any CPU.Build.0 = Debug|Any CPU
		{06220B47-EBC0-4CE3-B3D7-B2C8A1FD9C58}.Release|Any CPU.ActiveCfg = Release|Any CPU
		{06220B47-EBC0-4CE3-B3D7-B2C8A1FD9C58}.Release|Any CPU.Build.0 = Release|Any CPU
		{84979AA1-64E3-45D7-A906-56AC0B3D61E8}.Debug|Any CPU.ActiveCfg = Debug|Any CPU
		{84979AA1-64E3-45D7-A906-56AC0B3D61E8}.Debug|Any CPU.Build.0 = Debug|Any CPU
		{84979AA1-64E3-45D7-A906-56AC0B3D61E8}.Release|Any CPU.ActiveCfg = Release|Any CPU
		{84979AA1-64E3-45D7-A906-56AC0B3D61E8}.Release|Any CPU.Build.0 = Release|Any CPU
		{42404A21-A9F2-461F-8AED-57D99DEF74E6}.Debug|Any CPU.ActiveCfg = Debug|Any CPU
		{42404A21-A9F2-461F-8AED-57D99DEF74E6}.Debug|Any CPU.Build.0 = Debug|Any CPU
		{42404A21-A9F2-461F-8AED-57D99DEF74E6}.Release|Any CPU.ActiveCfg = Release|Any CPU
		{42404A21-A9F2-461F-8AED-57D99DEF74E6}.Release|Any CPU.Build.0 = Release|Any CPU
	EndGlobalSection
	GlobalSection(SolutionProperties) = preSolution
		HideSolutionNode = FALSE
	EndGlobalSection
	GlobalSection(ExtensibilityGlobals) = postSolution
		SolutionGuid = {55B046B7-0D37-4F79-879F-5CBBC339B685}
	EndGlobalSection
EndGlobal
